
Microsoft Visual Studio Solution File, Format Version 12.00
# Visual Studio Version 16
VisualStudioVersion = 16.0.29123.88
MinimumVisualStudioVersion = 10.0.40219.1
Project("{8BC9CEB8-8B4A-11D0-8D11-00A0C91BC942}") = "BDemo", "BDemo\BDemo.vcxproj", "{7FC0B041-6667-4401-B0CD-9AF9B0289D9C}"
EndProject
Global
	GlobalSection(SolutionConfigurationPlatforms) = preSolution
		Debug|x64 = Debug|x64
		Debug|x86 = Debug|x86
		Release|x64 = Release|x64
		Release|x86 = Release|x86
	EndGlobalSection
	GlobalSection(ProjectConfigurationPlatforms) = postSolution
		{7FC0B041-6667-4401-B0CD-9AF9B0289D9C}.Debug|x64.ActiveCfg = Debug|x64
		{7FC0B041-6667-4401-B0CD-9AF9B0289D9C}.Debug|x64.Build.0 = Debug|x64
		{7FC0B041-6667-4401-B0CD-9AF9B0289D9C}.Debug|x86.ActiveCfg = Debug|Win32
		{7FC0B041-6667-4401-B0CD-9AF9B0289D9C}.Debug|x86.Build.0 = Debug|Win32
		{7FC0B041-6667-4401-B0CD-9AF9B0289D9C}.Release|x64.ActiveCfg = Release|x64
		{7FC0B041-6667-4401-B0CD-9AF9B0289D9C}.Release|x64.Build.0 = Release|x64
		{7FC0B041-6667-4401-B0CD-9AF9B0289D9C}.Release|x86.ActiveCfg = Release|Win32
		{7FC0B041-6667-4401-B0CD-9AF9B0289D9C}.Release|x86.Build.0 = Release|Win32
	EndGlobalSection
	GlobalSection(SolutionProperties) = preSolution
		HideSolutionNode = FALSE
	EndGlobalSection
	GlobalSection(ExtensibilityGlobals) = postSolution
		SolutionGuid = {01B7CD19-6BB1-4A38-ACB3-2CD43A2C5705}
	EndGlobalSection
EndGlobal
