
Microsoft Visual Studio Solution File, Format Version 12.00
# Visual Studio 15
VisualStudioVersion = 15.0.28307.705
MinimumVisualStudioVersion = 10.0.40219.1
Project("{FAE04EC0-301F-11D3-BF4B-00C04F79EFBC}") = "PSQLviaADOCS", "PSQLviaADOCS\PSQLviaADOCS.csproj", "{A6920DAB-00F9-459B-B3C8-FB8551F99275}"
EndProject
Global
	GlobalSection(SolutionConfigurationPlatforms) = preSolution
		Debug|Any CPU = Debug|Any CPU
		Release|Any CPU = Release|Any CPU
	EndGlobalSection
	GlobalSection(ProjectConfigurationPlatforms) = postSolution
		{A6920DAB-00F9-459B-B3C8-FB8551F99275}.Debug|Any CPU.ActiveCfg = Debug|Any CPU
		{A6920DAB-00F9-459B-B3C8-FB8551F99275}.Debug|Any CPU.Build.0 = Debug|Any CPU
		{A6920DAB-00F9-459B-B3C8-FB8551F99275}.Release|Any CPU.ActiveCfg = Release|Any CPU
		{A6920DAB-00F9-459B-B3C8-FB8551F99275}.Release|Any CPU.Build.0 = Release|Any CPU
	EndGlobalSection
	GlobalSection(SolutionProperties) = preSolution
		HideSolutionNode = FALSE
	EndGlobalSection
	GlobalSection(ExtensibilityGlobals) = postSolution
		SolutionGuid = {ADA82AA7-3E97-43D5-8D6A-B375C97FA8C5}
	EndGlobalSection
EndGlobal
